
Microsoft Visual Studio Solution File, Format Version 12.00
# Visual Studio Version 17
VisualStudioVersion = 17.8.34330.188
MinimumVisualStudioVersion = 10.0.40219.1
Project("{FAE04EC0-301F-11D3-BF4B-00C04F79EFBC}") = "G04_DBI_Trainings_Adventure", "G04_DBI_Trainings_Adventure.csproj", "{55142BE1-1C6F-4BCD-BAA6-AA687ED13C48}"
EndProject
Global
	GlobalSection(SolutionConfigurationPlatforms) = preSolution
		Debug|Any CPU = Debug|Any CPU
		Release|Any CPU = Release|Any CPU
	EndGlobalSection
	GlobalSection(ProjectConfigurationPlatforms) = postSolution
		{55142BE1-1C6F-4BCD-BAA6-AA687ED13C48}.Debug|Any CPU.ActiveCfg = Debug|Any CPU
		{55142BE1-1C6F-4BCD-BAA6-AA687ED13C48}.Debug|Any CPU.Build.0 = Debug|Any CPU
		{55142BE1-1C6F-4BCD-BAA6-AA687ED13C48}.Release|Any CPU.ActiveCfg = Release|Any CPU
		{55142BE1-1C6F-4BCD-BAA6-AA687ED13C48}.Release|Any CPU.Build.0 = Release|Any CPU
	EndGlobalSection
	GlobalSection(SolutionProperties) = preSolution
		HideSolutionNode = FALSE
	EndGlobalSection
	GlobalSection(ExtensibilityGlobals) = postSolution
		SolutionGuid = {36DD4FF6-FC99-42D2-97CE-DAF1C052F417}
	EndGlobalSection
EndGlobal
